# THIS IS AN AUTOGENERATED FILE. DO NOT EDIT THIS FILE DIRECTLY.
# yarn lockfile v1


"@esbuild/android-arm64@0.16.15":
  version "0.16.15"
  resolved "https://registry.yarnpkg.com/@esbuild/android-arm64/-/android-arm64-0.16.15.tgz#d58b9efe279b553b377395318d21e360058b3622"
  integrity sha512-OdbkUv7468dSsgoFtHIwTaYAuI5lDEv/v+dlfGBUbVa2xSDIIuSOHXawynw5N9+5lygo/JdXa5/sgGjiEU18gQ==

"@esbuild/android-arm@0.16.15":
  version "0.16.15"
  resolved "https://registry.yarnpkg.com/@esbuild/android-arm/-/android-arm-0.16.15.tgz#6a8ad3016fd9c89bb419bd21605fba242c051809"
  integrity sha512-JsJtmadyWcR+DEtHLixM7bAQsfi1s0Xotv9kVOoXbCLyhKPOHvMEyh3kJBuTbCPSE4c2jQkQVmarwc9Mg9k3bA==

"@esbuild/android-x64@0.16.15":
  version "0.16.15"
  resolved "https://registry.yarnpkg.com/@esbuild/android-x64/-/android-x64-0.16.15.tgz#94b0589b6bec5eaf7e8ea2fe6368427899676f21"
  integrity sha512-dPUOBiNNWAm+/bxoA75o7R7qqqfcEzXaYlb5uJk2xGHmUMNKSAnDCtRYLgx9/wfE4sXyn8H948OrDyUAHhPOuA==

"@esbuild/darwin-arm64@0.16.15":
  version "0.16.15"
  resolved "https://registry.yarnpkg.com/@esbuild/darwin-arm64/-/darwin-arm64-0.16.15.tgz#525e5603a82837a1e7c8265d3b14433aa869e9b6"
  integrity sha512-AksarYV85Hxgwh5/zb6qGl4sYWxIXPQGBAZ+jUro1ZpINy3EWumK+/4DPOKUBPnsrOIvnNXy7Rq4mTeCsMQDNA==

"@esbuild/darwin-x64@0.16.15":
  version "0.16.15"
  resolved "https://registry.yarnpkg.com/@esbuild/darwin-x64/-/darwin-x64-0.16.15.tgz#38ec324a3653ade5acc5c190a7a27185caa6223e"
  integrity sha512-qqrKJxoohceZGGP+sZ5yXkzW9ZiyFZJ1gWSEfuYdOWzBSL18Uy3w7s/IvnDYHo++/cxwqM0ch3HQVReSZy7/4Q==

"@esbuild/freebsd-arm64@0.16.15":
  version "0.16.15"
  resolved "https://registry.yarnpkg.com/@esbuild/freebsd-arm64/-/freebsd-arm64-0.16.15.tgz#05c19bf6e4e56387f6a56bd6933839e889146726"
  integrity sha512-LBWaep6RvJm5KnsKkocdVEzuwnGMjz54fcRVZ9d3R7FSEWOtPBxMhuxeA1n98JVbCLMkTPFmKN6xSnfhnM9WXQ==

"@esbuild/freebsd-x64@0.16.15":
  version "0.16.15"
  resolved "https://registry.yarnpkg.com/@esbuild/freebsd-x64/-/freebsd-x64-0.16.15.tgz#68855666ecf1616e2a927154148d4409cd8bc55b"
  integrity sha512-LE8mKC6JPR04kPLRP9A6k7ZmG0k2aWF4ru79Sde6UeWCo7yDby5f48uJNFQ2pZqzUUkLrHL8xNdIHerJeZjHXg==

"@esbuild/linux-arm64@0.16.15":
  version "0.16.15"
  resolved "https://registry.yarnpkg.com/@esbuild/linux-arm64/-/linux-arm64-0.16.15.tgz#93e8630d19f3a25d31c6467e2b136438391a3ca9"
  integrity sha512-mRYpuQGbzY+XLczy3Sk7fMJ3DRKLGDIuvLKkkUkyecDGQMmil6K/xVKP9IpKO7JtNH477qAiMjjX7jfKae8t4g==

"@esbuild/linux-arm@0.16.15":
  version "0.16.15"
  resolved "https://registry.yarnpkg.com/@esbuild/linux-arm/-/linux-arm-0.16.15.tgz#9343c9d0e18d15ca5b4e293154e4beae2598b5db"
  integrity sha512-+1sGlqtMJTOnJUXwLUGnDhPaGRKqxT0UONtYacS+EjdDOrSgpQ/1gUXlnze45Z/BogwYaswQM19Gu1YD1T19/w==

"@esbuild/linux-ia32@0.16.15":
  version "0.16.15"
  resolved "https://registry.yarnpkg.com/@esbuild/linux-ia32/-/linux-ia32-0.16.15.tgz#2c63615bb87cb2d080f3dc7dd0e3174b9b977233"
  integrity sha512-puXVFvY4m8EB6/fzu3LdgjiNnEZ3gZMSR7NmKoQe51l3hyQalvTjab3Dt7aX4qGf+8Pj7dsCOBNzNzkSlr/4Aw==

"@esbuild/linux-loong64@0.16.15":
  version "0.16.15"
  resolved "https://registry.yarnpkg.com/@esbuild/linux-loong64/-/linux-loong64-0.16.15.tgz#85a245672709ce60895baf93b1ad3fb4b3cdab4f"
  integrity sha512-ATMGb3eg8T6ZTGZFldlGeFEcevBiVq6SBHvRAO04HMfUjZWneZ/U+JJb3YzlNZxuscJ4Tmzq+JrYxlk7ro4dRg==

"@esbuild/linux-mips64el@0.16.15":
  version "0.16.15"
  resolved "https://registry.yarnpkg.com/@esbuild/linux-mips64el/-/linux-mips64el-0.16.15.tgz#41e325ccd6432f952c674d763d9e5acc25a00267"
  integrity sha512-3SEA4L82OnoSATW+Ve8rPgLaKjC8WMt8fnx7De9kvi/NcVbkj8W+J7qnu/tK2P9pUPQP7Au/0sjPEqZtFeyKQQ==

"@esbuild/linux-ppc64@0.16.15":
  version "0.16.15"
  resolved "https://registry.yarnpkg.com/@esbuild/linux-ppc64/-/linux-ppc64-0.16.15.tgz#51c7ed8fec6f9860716cdb1bb86835bdb9206108"
  integrity sha512-8PgbeX+N6vmqeySzyxO0NyDOltCEW13OS5jUHTvCHmCgf4kNXZtAWJ+zEfJxjRGYhVezQ1FdIm7WfN1R27uOyg==

"@esbuild/linux-riscv64@0.16.15":
  version "0.16.15"
  resolved "https://registry.yarnpkg.com/@esbuild/linux-riscv64/-/linux-riscv64-0.16.15.tgz#44cb5ad5318d72f52378fa666b2010551c67f333"
  integrity sha512-U+coqH+89vbPVoU30no1Fllrn6gvEeO5tfEArBhjYZ+dQ3Gv7ciQXYf5nrT1QdlIFwEjH4Is1U1iiaGWW+tGpQ==

"@esbuild/linux-s390x@0.16.15":
  version "0.16.15"
  resolved "https://registry.yarnpkg.com/@esbuild/linux-s390x/-/linux-s390x-0.16.15.tgz#69572a26c2120ddd446d8207d30ae8f94a801a72"
  integrity sha512-M0nKLFMdyFGBoitxG42kq6Xap0CPeDC6gfF9lg7ZejzGF6kqYUGT+pQGl2QCQoxJBeat/LzTma1hG8C3dq2ocg==

"@esbuild/linux-x64@0.16.15":
  version "0.16.15"
  resolved "https://registry.yarnpkg.com/@esbuild/linux-x64/-/linux-x64-0.16.15.tgz#0a4cb4f62379f839ef2c79d94f13ca0b76469d8a"
  integrity sha512-t7/fOXBUKfigvhJLGKZ9TPHHgqNgpIpYaAbcXQk1X+fPeUG7x0tpAbXJ2wST9F/gJ02+CLETPMnhG7Tra2wqsQ==

"@esbuild/netbsd-x64@0.16.15":
  version "0.16.15"
  resolved "https://registry.yarnpkg.com/@esbuild/netbsd-x64/-/netbsd-x64-0.16.15.tgz#cba5674608c197bee9d25451ae458ab76a770a45"
  integrity sha512-0k0Nxi6DOJmTnLtKD/0rlyqOPpcqONXY53vpkoAsue8CfyhNPWtwzba1ICFNCfCY1dqL3Ho/xEzujJhmdXq1rg==

"@esbuild/openbsd-x64@0.16.15":
  version "0.16.15"
  resolved "https://registry.yarnpkg.com/@esbuild/openbsd-x64/-/openbsd-x64-0.16.15.tgz#4ea4394d5b9c67bac6dcd1e527b47c64990d7d92"
  integrity sha512-3SkckazfIbdSjsGpuIYT3d6n2Hx0tck3MS1yVsbahhWiLvdy4QozTpvlbjqO3GmvtvhxY4qdyhFOO2wiZKeTAQ==

"@esbuild/sunos-x64@0.16.15":
  version "0.16.15"
  resolved "https://registry.yarnpkg.com/@esbuild/sunos-x64/-/sunos-x64-0.16.15.tgz#91174f7058dfc6cfafdf2251330f6767506db7a7"
  integrity sha512-8PNvBC+O8X5EnyIGqE8St2bOjjrXMR17NOLenIrzolvwWnJXvwPo0tE/ahOeiAJmTOS/eAcN8b4LAZcn17Uj7w==

"@esbuild/win32-arm64@0.16.15":
  version "0.16.15"
  resolved "https://registry.yarnpkg.com/@esbuild/win32-arm64/-/win32-arm64-0.16.15.tgz#3fa7189ec92d1de87563ab9e73b3e0a4adbfd203"
  integrity sha512-YPaSgm/mm7kNcATB53OxVGVfn6rDNbImTn330ZlF3hKej1e9ktCaljGjn2vH08z2dlHEf3kdt57tNjE6zs8SzA==

"@esbuild/win32-ia32@0.16.15":
  version "0.16.15"
  resolved "https://registry.yarnpkg.com/@esbuild/win32-ia32/-/win32-ia32-0.16.15.tgz#a114e4878e74fa6b5453cb407be4f2a28b72809d"
  integrity sha512-0movUXbSNrTeNf5ZXT0avklEvlJD0hNGZsrrXHfsp9z4tK5xC+apCqmUEZeE9mqrb84Z8XbgGr/MS9LqafTP2A==

"@esbuild/win32-x64@0.16.15":
  version "0.16.15"
  resolved "https://registry.yarnpkg.com/@esbuild/win32-x64/-/win32-x64-0.16.15.tgz#e28277cdbc1c9cde2b982c814d05f44d4b1f0580"
  integrity sha512-27h5GCcbfomVAqAnMJWvR1LqEY0dFqIq4vTe5nY3becnZNu0SX8F0+gTk3JPvgWQHzaGc6VkPzlOiMkdSUunUA==

"@types/node@17.0.33":
  version "17.0.33"
  resolved "https://registry.yarnpkg.com/@types/node/-/node-17.0.33.tgz#3c1879b276dc63e73030bb91165e62a4509cd506"
  integrity sha512-miWq2m2FiQZmaHfdZNcbpp9PuXg34W5JZ5CrJ/BaS70VuhoJENBEQybeiYSaPBRNq6KQGnjfEnc/F3PN++D+XQ==

"@types/url-join@4.0.1":
  version "4.0.1"
  resolved "https://registry.yarnpkg.com/@types/url-join/-/url-join-4.0.1.tgz#4989c97f969464647a8586c7252d97b449cdc045"
  integrity sha512-wDXw9LEEUHyV+7UWy7U315nrJGJ7p1BzaCxDpEoLr789Dk1WDVMMlf3iBfbG2F8NdWnYyFbtTxUn2ZNbm1Q4LQ==

"@ungap/url-search-params@0.2.2":
  version "0.2.2"
  resolved "https://registry.yarnpkg.com/@ungap/url-search-params/-/url-search-params-0.2.2.tgz#2de3bdec21476a9b70ef11fd7b794752f9afa04c"
  integrity sha512-qQsguKXZVKdCixOHX9jqnX/K/1HekPDpGKyEcXHT+zR6EjGA7S4boSuelL4uuPv6YfhN0n8c4UxW+v/Z3gM2iw==

asynckit@^0.4.0:
  version "0.4.0"
  resolved "https://registry.yarnpkg.com/asynckit/-/asynckit-0.4.0.tgz#c79ed97f7f34cb8f2ba1bc9790bcc366474b4b79"
  integrity sha512-Oei9OH4tRh0YqU3GxhX79dM/mwVgvbZJaSNaRk+bshkj0S5cfHcgYakreBjrHwatXKbz+IoIdYLxrKim2MjW0Q==

axios@0.27.2:
  version "0.27.2"
  resolved "https://registry.yarnpkg.com/axios/-/axios-0.27.2.tgz#207658cc8621606e586c85db4b41a750e756d972"
  integrity sha512-t+yRIyySRTp/wua5xEr+z1q60QmLq8ABsS5O9Me1AsE5dfKqgnCFzwiCZZ/cGNd1lq4/7akDWMxdhVlucjmnOQ==
  dependencies:
    follow-redirects "^1.14.9"
    form-data "^4.0.0"

combined-stream@^1.0.8:
  version "1.0.8"
  resolved "https://registry.yarnpkg.com/combined-stream/-/combined-stream-1.0.8.tgz#c3d45a8b34fd730631a110a8a2520682b31d5a7f"
  integrity sha512-FQN4MRfuJeHf7cBbBMJFXhKSDq+2kAArBlmRBvcvFE5BB1HZKXtSFASDhdlz9zOYwxh8lDdnvmMOe/+5cdoEdg==
  dependencies:
    delayed-stream "~1.0.0"

delayed-stream@~1.0.0:
  version "1.0.0"
  resolved "https://registry.yarnpkg.com/delayed-stream/-/delayed-stream-1.0.0.tgz#df3ae199acadfb7d440aaae0b29e2272b24ec619"
  integrity sha512-ZySD7Nf91aLB0RxL4KGrKHBXl7Eds1DAmEdcoVawXnLD7SDhpNgtuII2aAkg7a7QS41jxPSZ17p4VdGnMHk3MQ==

esbuild@0.16.15:
  version "0.16.15"
  resolved "https://registry.yarnpkg.com/esbuild/-/esbuild-0.16.15.tgz#02663f41eac47433879f09894dbe97c2dc837ecf"
  integrity sha512-v+3ozjy9wyj8cOElzx3//Lsb4TCxPfZxRmdsfm0YaEkvZu7y6rKH7Zi1UpDx4JI7dSQui+U1Qxhfij9KBbHfrA==
  optionalDependencies:
    "@esbuild/android-arm" "0.16.15"
    "@esbuild/android-arm64" "0.16.15"
    "@esbuild/android-x64" "0.16.15"
    "@esbuild/darwin-arm64" "0.16.15"
    "@esbuild/darwin-x64" "0.16.15"
    "@esbuild/freebsd-arm64" "0.16.15"
    "@esbuild/freebsd-x64" "0.16.15"
    "@esbuild/linux-arm" "0.16.15"
    "@esbuild/linux-arm64" "0.16.15"
    "@esbuild/linux-ia32" "0.16.15"
    "@esbuild/linux-loong64" "0.16.15"
    "@esbuild/linux-mips64el" "0.16.15"
    "@esbuild/linux-ppc64" "0.16.15"
    "@esbuild/linux-riscv64" "0.16.15"
    "@esbuild/linux-s390x" "0.16.15"
    "@esbuild/linux-x64" "0.16.15"
    "@esbuild/netbsd-x64" "0.16.15"
    "@esbuild/openbsd-x64" "0.16.15"
    "@esbuild/sunos-x64" "0.16.15"
    "@esbuild/win32-arm64" "0.16.15"
    "@esbuild/win32-ia32" "0.16.15"
    "@esbuild/win32-x64" "0.16.15"

follow-redirects@^1.14.9:
  version "1.15.2"
  resolved "https://registry.yarnpkg.com/follow-redirects/-/follow-redirects-1.15.2.tgz#b460864144ba63f2681096f274c4e57026da2c13"
  integrity sha512-VQLG33o04KaQ8uYi2tVNbdrWp1QWxNNea+nmIB4EVM28v0hmP17z7aG1+wAkNzVq4KeXTq3221ye5qTJP91JwA==

form-data@^4.0.0:
  version "4.0.0"
  resolved "https://registry.yarnpkg.com/form-data/-/form-data-4.0.0.tgz#93919daeaf361ee529584b9b31664dc12c9fa452"
  integrity sha512-ETEklSGi5t0QMZuiXoA/Q6vcnxcLQP5vdugSpuAyi6SVGi2clPPp+xgEhuMaHC+zGgn31Kd235W35f7Hykkaww==
  dependencies:
    asynckit "^0.4.0"
    combined-stream "^1.0.8"
    mime-types "^2.1.12"

js-base64@3.7.2:
  version "3.7.2"
  resolved "https://registry.yarnpkg.com/js-base64/-/js-base64-3.7.2.tgz#816d11d81a8aff241603d19ce5761e13e41d7745"
  integrity sha512-NnRs6dsyqUXejqk/yv2aiXlAvOs56sLkX6nUdeaNezI5LFFLlsZjOThmwnrcwh5ZZRwZlCMnVAY3CvhIhoVEKQ==

mime-db@1.52.0:
  version "1.52.0"
  resolved "https://registry.yarnpkg.com/mime-db/-/mime-db-1.52.0.tgz#bbabcdc02859f4987301c856e3387ce5ec43bf70"
  integrity sha512-sPU4uV7dYlvtWJxwwxHD0PuihVNiE7TyAbQ5SWxDCB9mUYvOgroQOwYQQOKPJ8CIbE+1ETVlOoK1UC2nU3gYvg==

mime-types@^2.1.12:
  version "2.1.35"
  resolved "https://registry.yarnpkg.com/mime-types/-/mime-types-2.1.35.tgz#381a871b62a734450660ae3deee44813f70d959a"
  integrity sha512-ZDY+bPm5zTTF+YpCrAU9nK0UgICYPT0QtT1NZWFv4s++TNkcgVaT0g6+4R2uI4MjQjzysHB1zxuWL50hzaeXiw==
  dependencies:
    mime-db "1.52.0"

prettier@2.7.1:
  version "2.7.1"
  resolved "https://registry.yarnpkg.com/prettier/-/prettier-2.7.1.tgz#e235806850d057f97bb08368a4f7d899f7760c64"
  integrity sha512-ujppO+MkdPqoVINuDFDRLClm7D78qbDt0/NR+wp5FqEZOoTNAjPHWj17QRhu7geIHJfcNhRk1XVQmF8Bp3ye+g==

typescript@4.6.4:
  version "4.6.4"
  resolved "https://registry.yarnpkg.com/typescript/-/typescript-4.6.4.tgz#caa78bbc3a59e6a5c510d35703f6a09877ce45e9"
  integrity sha512-9ia/jWHIEbo49HfjrLGfKbZSuWo9iTMwXO+Ca3pRsSpbsMbc7/IU8NKdCZVRRBafVPGnoJeFL76ZOAA84I9fEg==

url-join@4.0.1:
  version "4.0.1"
  resolved "https://registry.yarnpkg.com/url-join/-/url-join-4.0.1.tgz#b642e21a2646808ffa178c4c5fda39844e12cde7"
  integrity sha512-jk1+QP6ZJqyOiuEI9AEWQfju/nB2Pw466kbA0LEZljHwKeMgd9WrAEgEGxjPDD2+TNbbb37rTyhEfrCXfuKXnA==
